
Microsoft Visual Studio Solution File, Format Version 12.00
# Visual Studio Version 16
VisualStudioVersion = 16.0.30611.23
MinimumVisualStudioVersion = 10.0.40219.1
Project("{FAE04EC0-301F-11D3-BF4B-00C04F79EFBC}") = "MP_Laba_5", "MP_Laba_5\MP_Laba_5.csproj", "{AF724154-BACF-4C02-996B-2E6106B24A49}"
EndProject
Global
	GlobalSection(SolutionConfigurationPlatforms) = preSolution
		Debug|Any CPU = Debug|Any CPU
		Release|Any CPU = Release|Any CPU
	EndGlobalSection
	GlobalSection(ProjectConfigurationPlatforms) = postSolution
		{AF724154-BACF-4C02-996B-2E6106B24A49}.Debug|Any CPU.ActiveCfg = Debug|Any CPU
		{AF724154-BACF-4C02-996B-2E6106B24A49}.Debug|Any CPU.Build.0 = Debug|Any CPU
		{AF724154-BACF-4C02-996B-2E6106B24A49}.Release|Any CPU.ActiveCfg = Release|Any CPU
		{AF724154-BACF-4C02-996B-2E6106B24A49}.Release|Any CPU.Build.0 = Release|Any CPU
	EndGlobalSection
	GlobalSection(SolutionProperties) = preSolution
		HideSolutionNode = FALSE
	EndGlobalSection
	GlobalSection(ExtensibilityGlobals) = postSolution
		SolutionGuid = {5A259B8B-86BC-4807-A24A-5CAEDAF80F57}
	EndGlobalSection
EndGlobal
